
Microsoft Visual Studio Solution File, Format Version 12.00
Project("{FAE04EC0-301F-11D3-BF4B-00C04F79EFBC}") = "MonoRepo.AppA", "MonoRepo.AppA\MonoRepo.AppA.csproj", "{FD12EEE8-9373-40EF-81AD-D755EB302B92}"
EndProject
Project("{FAE04EC0-301F-11D3-BF4B-00C04F79EFBC}") = "MonoRepo.AppB", "MonoRepo.AppB\MonoRepo.AppB.csproj", "{F45239A9-3F31-40F7-A5D3-E4E3A41F99DC}"
EndProject
Project("{FAE04EC0-301F-11D3-BF4B-00C04F79EFBC}") = "MonoRepo.Common", "MonoRepo.Common\MonoRepo.Common.csproj", "{2691E35C-BC37-4B71-93C2-0619EC22F872}"
EndProject
Global
	GlobalSection(SolutionConfigurationPlatforms) = preSolution
		Debug|Any CPU = Debug|Any CPU
		Release|Any CPU = Release|Any CPU
	EndGlobalSection
	GlobalSection(ProjectConfigurationPlatforms) = postSolution
		{FD12EEE8-9373-40EF-81AD-D755EB302B92}.Debug|Any CPU.ActiveCfg = Debug|Any CPU
		{FD12EEE8-9373-40EF-81AD-D755EB302B92}.Debug|Any CPU.Build.0 = Debug|Any CPU
		{FD12EEE8-9373-40EF-81AD-D755EB302B92}.Release|Any CPU.ActiveCfg = Release|Any CPU
		{FD12EEE8-9373-40EF-81AD-D755EB302B92}.Release|Any CPU.Build.0 = Release|Any CPU
		{F45239A9-3F31-40F7-A5D3-E4E3A41F99DC}.Debug|Any CPU.ActiveCfg = Debug|Any CPU
		{F45239A9-3F31-40F7-A5D3-E4E3A41F99DC}.Debug|Any CPU.Build.0 = Debug|Any CPU
		{F45239A9-3F31-40F7-A5D3-E4E3A41F99DC}.Release|Any CPU.ActiveCfg = Release|Any CPU
		{F45239A9-3F31-40F7-A5D3-E4E3A41F99DC}.Release|Any CPU.Build.0 = Release|Any CPU
		{2691E35C-BC37-4B71-93C2-0619EC22F872}.Debug|Any CPU.ActiveCfg = Debug|Any CPU
		{2691E35C-BC37-4B71-93C2-0619EC22F872}.Debug|Any CPU.Build.0 = Debug|Any CPU
		{2691E35C-BC37-4B71-93C2-0619EC22F872}.Release|Any CPU.ActiveCfg = Release|Any CPU
		{2691E35C-BC37-4B71-93C2-0619EC22F872}.Release|Any CPU.Build.0 = Release|Any CPU
	EndGlobalSection
EndGlobal
